
Microsoft Visual Studio Solution File, Format Version 12.00
# Visual Studio 15
VisualStudioVersion = 15.0.28307.421
MinimumVisualStudioVersion = 10.0.40219.1
Project("{FAE04EC0-301F-11D3-BF4B-00C04F79EFBC}") = "Spirit Business Proposal", "Spirit Business Proposal\Spirit Business Proposal.csproj", "{CE91DC2C-91B7-44DD-93BB-B54A669FE186}"
EndProject
Project("{2150E333-8FDC-42A3-9474-1A3956D46DE8}") = "Solution Items", "Solution Items", "{4730ED5C-86B6-44C8-B268-2AFF939B8AAA}"
EndProject
Global
	GlobalSection(SolutionConfigurationPlatforms) = preSolution
		Debug|Any CPU = Debug|Any CPU
		Release|Any CPU = Release|Any CPU
	EndGlobalSection
	GlobalSection(ProjectConfigurationPlatforms) = postSolution
		{CE91DC2C-91B7-44DD-93BB-B54A669FE186}.Debug|Any CPU.ActiveCfg = Debug|Any CPU
		{CE91DC2C-91B7-44DD-93BB-B54A669FE186}.Debug|Any CPU.Build.0 = Debug|Any CPU
		{CE91DC2C-91B7-44DD-93BB-B54A669FE186}.Release|Any CPU.ActiveCfg = Release|Any CPU
		{CE91DC2C-91B7-44DD-93BB-B54A669FE186}.Release|Any CPU.Build.0 = Release|Any CPU
	EndGlobalSection
	GlobalSection(SolutionProperties) = preSolution
		HideSolutionNode = FALSE
	EndGlobalSection
	GlobalSection(ExtensibilityGlobals) = postSolution
		SolutionGuid = {D945FF74-7BAE-4F85-BFA4-4B9F030DA005}
	EndGlobalSection
EndGlobal
